
Microsoft Visual Studio Solution File, Format Version 12.00
# Visual Studio Version 16
VisualStudioVersion = 16.0.32407.337
MinimumVisualStudioVersion = 10.0.40219.1
Project("{FAE04EC0-301F-11D3-BF4B-00C04F79EFBC}") = "Task_Vehicle", "Task_Vehicle\Task_Vehicle.csproj", "{8B516BF1-9B64-4335-B5A3-9BA959241303}"
EndProject
Global
	GlobalSection(SolutionConfigurationPlatforms) = preSolution
		Debug|Any CPU = Debug|Any CPU
		Release|Any CPU = Release|Any CPU
	EndGlobalSection
	GlobalSection(ProjectConfigurationPlatforms) = postSolution
		{8B516BF1-9B64-4335-B5A3-9BA959241303}.Debug|Any CPU.ActiveCfg = Debug|Any CPU
		{8B516BF1-9B64-4335-B5A3-9BA959241303}.Debug|Any CPU.Build.0 = Debug|Any CPU
		{8B516BF1-9B64-4335-B5A3-9BA959241303}.Release|Any CPU.ActiveCfg = Release|Any CPU
		{8B516BF1-9B64-4335-B5A3-9BA959241303}.Release|Any CPU.Build.0 = Release|Any CPU
	EndGlobalSection
	GlobalSection(SolutionProperties) = preSolution
		HideSolutionNode = FALSE
	EndGlobalSection
	GlobalSection(ExtensibilityGlobals) = postSolution
		SolutionGuid = {30BF7DD8-8978-42B4-B835-2100B6BF7E69}
	EndGlobalSection
EndGlobal
